
Microsoft Visual Studio Solution File, Format Version 12.00
# Visual Studio Version 17
VisualStudioVersion = 17.14.36203.30 d17.14
MinimumVisualStudioVersion = 10.0.40219.1
Project("{FAE04EC0-301F-11D3-BF4B-00C04F79EFBC}") = "ECommerceApp", "ECommerceApp\ECommerceApp.csproj", "{F70F546A-926B-407F-80A1-DB4D6CD36BB8}"
EndProject
Global
	GlobalSection(SolutionConfigurationPlatforms) = preSolution
		Debug|Any CPU = Debug|Any CPU
		Release|Any CPU = Release|Any CPU
	EndGlobalSection
	GlobalSection(ProjectConfigurationPlatforms) = postSolution
		{F70F546A-926B-407F-80A1-DB4D6CD36BB8}.Debug|Any CPU.ActiveCfg = Debug|Any CPU
		{F70F546A-926B-407F-80A1-DB4D6CD36BB8}.Debug|Any CPU.Build.0 = Debug|Any CPU
		{F70F546A-926B-407F-80A1-DB4D6CD36BB8}.Release|Any CPU.ActiveCfg = Release|Any CPU
		{F70F546A-926B-407F-80A1-DB4D6CD36BB8}.Release|Any CPU.Build.0 = Release|Any CPU
	EndGlobalSection
	GlobalSection(SolutionProperties) = preSolution
		HideSolutionNode = FALSE
	EndGlobalSection
	GlobalSection(ExtensibilityGlobals) = postSolution
		SolutionGuid = {B35ED04E-8AF0-48EF-B3C9-BF8B1A6291DA}
	EndGlobalSection
EndGlobal
